{
  "name": "nanoom-fixtures",
  "lockfileVersion": 3,
  "requires": true,
  "packages": {
    "": {
      "name": "nanoom-fixtures",
      "workspaces": [
        "packages/*"
      ]
    },
    "node_modules/@nanoom-fixture/app": {
      "resolved": "packages/app",
      "link": true
    },
    "node_modules/@nanoom-fixture/core": {
      "resolved": "packages/core",
      "link": true
    },
    "packages/app": {
      "name": "@nanoom-fixture/app",
      "version": "1.0.0",
      "dependencies": {
        "@nanoom-fixture/core": "^1.0.0"
      }
    },
    "packages/core": {
      "name": "@nanoom-fixture/core",
      "version": "1.0.0"
    }
  }
}
