# This file is generated by running "yarn install" inside your project.
# Manual changes might be lost - proceed with caution!

__metadata:
  version: 8
  cacheKey: 10c0

"@nanoom-fixture/app@workspace:packages/app":
  version: 0.0.0-use.local
  resolution: "@nanoom-fixture/app@workspace:packages/app"
  dependencies:
    "@nanoom-fixture/core": "npm:^1.0.0"
  languageName: unknown
  linkType: soft

"@nanoom-fixture/core@npm:^1.0.0, @nanoom-fixture/core@workspace:packages/core":
  version: 0.0.0-use.local
  resolution: "@nanoom-fixture/core@workspace:packages/core"
  dependencies:
    "@nanoom-fixture/shared": "npm:^1.0.0"
  languageName: unknown
  linkType: soft

"@nanoom-fixture/shared@npm:^1.0.0, @nanoom-fixture/shared@workspace:packages/shared":
  version: 0.0.0-use.local
  resolution: "@nanoom-fixture/shared@workspace:packages/shared"
  languageName: unknown
  linkType: soft

"@turbo/darwin-64@npm:2.10.11":
  version: 2.10.11
  resolution: "@turbo/darwin-64@npm:2.10.11"
  conditions: os=darwin & cpu=x64
  languageName: node
  linkType: hard

"@turbo/darwin-arm64@npm:2.10.11":
  version: 2.10.11
  resolution: "@turbo/darwin-arm64@npm:2.10.11"
  conditions: os=darwin & cpu=arm64
  languageName: node
  linkType: hard

"@turbo/linux-64@npm:2.10.11":
  version: 2.10.11
  resolution: "@turbo/linux-64@npm:2.10.11"
  conditions: (os=android | os=linux) & cpu=x64
  languageName: node
  linkType: hard

"@turbo/linux-arm64@npm:2.10.11":
  version: 2.10.11
  resolution: "@turbo/linux-arm64@npm:2.10.11"
  conditions: (os=android | os=linux) & cpu=arm64
  languageName: node
  linkType: hard

"@turbo/windows-64@npm:2.10.11":
  version: 2.10.11
  resolution: "@turbo/windows-64@npm:2.10.11"
  conditions: os=win32 & cpu=x64
  languageName: node
  linkType: hard

"@turbo/windows-arm64@npm:2.10.11":
  version: 2.10.11
  resolution: "@turbo/windows-arm64@npm:2.10.11"
  conditions: os=win32 & cpu=arm64
  languageName: node
  linkType: hard

"nanoom-fixtures@workspace:.":
  version: 0.0.0-use.local
  resolution: "nanoom-fixtures@workspace:."
  dependencies:
    turbo: "npm:^2.5.6"
  languageName: unknown
  linkType: soft

"turbo@npm:^2.5.6":
  version: 2.10.11
  resolution: "turbo@npm:2.10.11"
  dependencies:
    "@turbo/darwin-64": "npm:2.10.11"
    "@turbo/darwin-arm64": "npm:2.10.11"
    "@turbo/linux-64": "npm:2.10.11"
    "@turbo/linux-arm64": "npm:2.10.11"
    "@turbo/windows-64": "npm:2.10.11"
    "@turbo/windows-arm64": "npm:2.10.11"
  dependenciesMeta:
    "@turbo/darwin-64":
      optional: true
    "@turbo/darwin-arm64":
      optional: true
    "@turbo/linux-64":
      optional: true
    "@turbo/linux-arm64":
      optional: true
    "@turbo/windows-64":
      optional: true
    "@turbo/windows-arm64":
      optional: true
  bin:
    turbo: bin/turbo
  checksum: 10c0/685e8241c72ae8e1dffa33a6625ffbb4d6b2a2fb6ae8cc288c0203bbe6ac045fd27709880df28da16ccf01821e98332c007f3311436c48ebbd1b649f25f1d2a2
  languageName: node
  linkType: hard
